
Microsoft Visual Studio Solution File, Format Version 12.00
# Visual Studio Version 16
VisualStudioVersion = 16.0.32802.440
MinimumVisualStudioVersion = 10.0.40219.1
Project("{FAE04EC0-301F-11D3-BF4B-00C04F79EFBC}") = "WebApplication1", "WebApplication1\WebApplication1.csproj", "{94975A21-DF77-4FC9-A7C2-18C67464749E}"
EndProject
Global
	GlobalSection(SolutionConfigurationPlatforms) = preSolution
		Debug|Any CPU = Debug|Any CPU
		Release|Any CPU = Release|Any CPU
	EndGlobalSection
	GlobalSection(ProjectConfigurationPlatforms) = postSolution
		{94975A21-DF77-4FC9-A7C2-18C67464749E}.Debug|Any CPU.ActiveCfg = Debug|Any CPU
		{94975A21-DF77-4FC9-A7C2-18C67464749E}.Debug|Any CPU.Build.0 = Debug|Any CPU
		{94975A21-DF77-4FC9-A7C2-18C67464749E}.Release|Any CPU.ActiveCfg = Release|Any CPU
		{94975A21-DF77-4FC9-A7C2-18C67464749E}.Release|Any CPU.Build.0 = Release|Any CPU
	EndGlobalSection
	GlobalSection(SolutionProperties) = preSolution
		HideSolutionNode = FALSE
	EndGlobalSection
	GlobalSection(ExtensibilityGlobals) = postSolution
		SolutionGuid = {7B6C6122-A3EC-43C9-A88D-540F55B5135D}
	EndGlobalSection
EndGlobal
